
Microsoft Visual Studio Solution File, Format Version 12.00
# Visual Studio Version 17
VisualStudioVersion = 17.5.001.0
MinimumVisualStudioVersion = 10.0.40219.1
Project("{9A19103F-16F7-4668-BE54-9A1E7A4F7556}") = "UniversityApiBackend", "UniversityApiBackend.csproj", "{D26BDEF8-1E31-4C9D-99A5-5EFD864D7FB9}"
EndProject
Global
	GlobalSection(SolutionConfigurationPlatforms) = preSolution
		Debug|Any CPU = Debug|Any CPU
		Release|Any CPU = Release|Any CPU
	EndGlobalSection
	GlobalSection(ProjectConfigurationPlatforms) = postSolution
		{D26BDEF8-1E31-4C9D-99A5-5EFD864D7FB9}.Debug|Any CPU.ActiveCfg = Debug|Any CPU
		{D26BDEF8-1E31-4C9D-99A5-5EFD864D7FB9}.Debug|Any CPU.Build.0 = Debug|Any CPU
		{D26BDEF8-1E31-4C9D-99A5-5EFD864D7FB9}.Release|Any CPU.ActiveCfg = Release|Any CPU
		{D26BDEF8-1E31-4C9D-99A5-5EFD864D7FB9}.Release|Any CPU.Build.0 = Release|Any CPU
	EndGlobalSection
	GlobalSection(SolutionProperties) = preSolution
		HideSolutionNode = FALSE
	EndGlobalSection
	GlobalSection(ExtensibilityGlobals) = postSolution
		SolutionGuid = {0D6CDF5F-D294-434D-A4AE-450C82FF9051}
	EndGlobalSection
EndGlobal
